// !$*UTF8*$!
{
	archiveVersion = 1;
	classes = {
	};
	objectVersion = 46;
	objects = {

/* Begin PBXBuildFile section */
		585B88DA1E232ABD00651C4E /* main.m in Sources */ = {isa = PBXBuildFile; fileRef = 585B88D91E232ABD00651C4E /* main.m */; };
		585B88DD1E232ABD00651C4E /* AppDelegate.m in Sources */ = {isa = PBXBuildFile; fileRef = 585B88DC1E232ABD00651C4E /* AppDelegate.m */; };
		585B88E01E232ABD00651C4E /* ViewController.m in Sources */ = {isa = PBXBuildFile; fileRef = 585B88DF1E232ABD00651C4E /* ViewController.m */; };
		585B88E31E232ABD00651C4E /* Main.storyboard in Resources */ = {isa = PBXBuildFile; fileRef = 585B88E11E232ABD00651C4E /* Main.storyboard */; };
		585B88E51E232ABD00651C4E /* Assets.xcassets in Resources */ = {isa = PBXBuildFile; fileRef = 585B88E41E232ABD00651C4E /* Assets.xcassets */; };
		585B88E81E232ABD00651C4E /* LaunchScreen.storyboard in Resources */ = {isa = PBXBuildFile; fileRef = 585B88E61E232ABD00651C4E /* LaunchScreen.storyboard */; };
		585B88FD1E232ACF00651C4E /* AFHTTPSessionManager.m in Sources */ = {isa = PBXBuildFile; fileRef = 585B88F11E232ACF00651C4E /* AFHTTPSessionManager.m */; };
		585B88FE1E232ACF00651C4E /* AFNetworkReachabilityManager.m in Sources */ = {isa = PBXBuildFile; fileRef = 585B88F41E232ACF00651C4E /* AFNetworkReachabilityManager.m */; };
		585B88FF1E232ACF00651C4E /* AFSecurityPolicy.m in Sources */ = {isa = PBXBuildFile; fileRef = 585B88F61E232ACF00651C4E /* AFSecurityPolicy.m */; };
		585B89001E232ACF00651C4E /* AFURLRequestSerialization.m in Sources */ = {isa = PBXBuildFile; fileRef = 585B88F81E232ACF00651C4E /* AFURLRequestSerialization.m */; };
		585B89011E232ACF00651C4E /* AFURLResponseSerialization.m in Sources */ = {isa = PBXBuildFile; fileRef = 585B88FA1E232ACF00651C4E /* AFURLResponseSerialization.m */; };
		585B89021E232ACF00651C4E /* AFURLSessionManager.m in Sources */ = {isa = PBXBuildFile; fileRef = 585B88FC1E232ACF00651C4E /* AFURLSessionManager.m */; };
		587F03221E263F0C00C8C5D7 /* LDNetworkAgent.m in Sources */ = {isa = PBXBuildFile; fileRef = 587F031F1E263F0C00C8C5D7 /* LDNetworkAgent.m */; };
		587F03261E263F1800C8C5D7 /* LDBaseRequest.m in Sources */ = {isa = PBXBuildFile; fileRef = 587F03251E263F1800C8C5D7 /* LDBaseRequest.m */; };
		58983F411E2C76E100F28C7D /* LDNetworkPrivate.m in Sources */ = {isa = PBXBuildFile; fileRef = 58983F401E2C76E100F28C7D /* LDNetworkPrivate.m */; };
		58983F441E2C7B9700F28C7D /* LDUrlArgumentsFilter.m in Sources */ = {isa = PBXBuildFile; fileRef = 58983F431E2C7B9700F28C7D /* LDUrlArgumentsFilter.m */; };
		58983F471E2CA51000F28C7D /* RegisterApi.m in Sources */ = {isa = PBXBuildFile; fileRef = 58983F461E2CA51000F28C7D /* RegisterApi.m */; };
		58983F4A1E2CA9DB00F28C7D /* LDBatchRequest.m in Sources */ = {isa = PBXBuildFile; fileRef = 58983F491E2CA9DB00F28C7D /* LDBatchRequest.m */; };
		58983F4D1E2CA9F200F28C7D /* LDBatchRequestAgent.m in Sources */ = {isa = PBXBuildFile; fileRef = 58983F4C1E2CA9F200F28C7D /* LDBatchRequestAgent.m */; };
		58983F501E2CB7C100F28C7D /* UploadimageApi.m in Sources */ = {isa = PBXBuildFile; fileRef = 58983F4F1E2CB7C100F28C7D /* UploadimageApi.m */; };
		5F27D3711E2A429100FCA30A /* LDNetworkConfig.m in Sources */ = {isa = PBXBuildFile; fileRef = 5F27D3701E2A429100FCA30A /* LDNetworkConfig.m */; };
/* End PBXBuildFile section */

/* Begin PBXFileReference section */
		585B88D51E232ABD00651C4E /* LDNetworking.app */ = {isa = PBXFileReference; explicitFileType = wrapper.application; includeInIndex = 0; path = LDNetworking.app; sourceTree = BUILT_PRODUCTS_DIR; };
		585B88D91E232ABD00651C4E /* main.m */ = {isa = PBXFileReference; lastKnownFileType = sourcecode.c.objc; path = main.m; sourceTree = "<group>"; };
		585B88DB1E232ABD00651C4E /* AppDelegate.h */ = {isa = PBXFileReference; lastKnownFileType = sourcecode.c.h; path = AppDelegate.h; sourceTree = "<group>"; };
		585B88DC1E232ABD00651C4E /* AppDelegate.m */ = {isa = PBXFileReference; lastKnownFileType = sourcecode.c.objc; path = AppDelegate.m; sourceTree = "<group>"; };
		585B88DE1E232ABD00651C4E /* ViewController.h */ = {isa = PBXFileReference; lastKnownFileType = sourcecode.c.h; path = ViewController.h; sourceTree = "<group>"; };
		585B88DF1E232ABD00651C4E /* ViewController.m */ = {isa = PBXFileReference; lastKnownFileType = sourcecode.c.objc; path = ViewController.m; sourceTree = "<group>"; };
		585B88E21E232ABD00651C4E /* Base */ = {isa = PBXFileReference; lastKnownFileType = file.storyboard; name = Base; path = Base.lproj/Main.storyboard; sourceTree = "<group>"; };
		585B88E41E232ABD00651C4E /* Assets.xcassets */ = {isa = PBXFileReference; lastKnownFileType = folder.assetcatalog; path = Assets.xcassets; sourceTree = "<group>"; };
		585B88E71E232ABD00651C4E /* Base */ = {isa = PBXFileReference; lastKnownFileType = file.storyboard; name = Base; path = Base.lproj/LaunchScreen.storyboard; sourceTree = "<group>"; };
		585B88E91E232ABD00651C4E /* Info.plist */ = {isa = PBXFileReference; lastKnownFileType = text.plist.xml; path = Info.plist; sourceTree = "<group>"; };
		585B88F01E232ACF00651C4E /* AFHTTPSessionManager.h */ = {isa = PBXFileReference; fileEncoding = 4; lastKnownFileType = sourcecode.c.h; path = AFHTTPSessionManager.h; sourceTree = "<group>"; };
		585B88F11E232ACF00651C4E /* AFHTTPSessionManager.m */ = {isa = PBXFileReference; fileEncoding = 4; lastKnownFileType = sourcecode.c.objc; path = AFHTTPSessionManager.m; sourceTree = "<group>"; };
		585B88F21E232ACF00651C4E /* AFNetworking.h */ = {isa = PBXFileReference; fileEncoding = 4; lastKnownFileType = sourcecode.c.h; path = AFNetworking.h; sourceTree = "<group>"; };
		585B88F31E232ACF00651C4E /* AFNetworkReachabilityManager.h */ = {isa = PBXFileReference; fileEncoding = 4; lastKnownFileType = sourcecode.c.h; path = AFNetworkReachabilityManager.h; sourceTree = "<group>"; };
		585B88F41E232ACF00651C4E /* AFNetworkReachabilityManager.m */ = {isa = PBXFileReference; fileEncoding = 4; lastKnownFileType = sourcecode.c.objc; path = AFNetworkReachabilityManager.m; sourceTree = "<group>"; };
		585B88F51E232ACF00651C4E /* AFSecurityPolicy.h */ = {isa = PBXFileReference; fileEncoding = 4; lastKnownFileType = sourcecode.c.h; path = AFSecurityPolicy.h; sourceTree = "<group>"; };
		585B88F61E232ACF00651C4E /* AFSecurityPolicy.m */ = {isa = PBXFileReference; fileEncoding = 4; lastKnownFileType = sourcecode.c.objc; path = AFSecurityPolicy.m; sourceTree = "<group>"; };
		585B88F71E232ACF00651C4E /* AFURLRequestSerialization.h */ = {isa = PBXFileReference; fileEncoding = 4; lastKnownFileType = sourcecode.c.h; path = AFURLRequestSerialization.h; sourceTree = "<group>"; };
		585B88F81E232ACF00651C4E /* AFURLRequestSerialization.m */ = {isa = PBXFileReference; fileEncoding = 4; lastKnownFileType = sourcecode.c.objc; path = AFURLRequestSerialization.m; sourceTree = "<group>"; };
		585B88F91E232ACF00651C4E /* AFURLResponseSerialization.h */ = {isa = PBXFileReference; fileEncoding = 4; lastKnownFileType = sourcecode.c.h; path = AFURLResponseSerialization.h; sourceTree = "<group>"; };
		585B88FA1E232ACF00651C4E /* AFURLResponseSerialization.m */ = {isa = PBXFileReference; fileEncoding = 4; lastKnownFileType = sourcecode.c.objc; path = AFURLResponseSerialization.m; sourceTree = "<group>"; };
		585B88FB1E232ACF00651C4E /* AFURLSessionManager.h */ = {isa = PBXFileReference; fileEncoding = 4; lastKnownFileType = sourcecode.c.h; path = AFURLSessionManager.h; sourceTree = "<group>"; };
		585B88FC1E232ACF00651C4E /* AFURLSessionManager.m */ = {isa = PBXFileReference; fileEncoding = 4; lastKnownFileType = sourcecode.c.objc; path = AFURLSessionManager.m; sourceTree = "<group>"; };
		587F031E1E263F0C00C8C5D7 /* LDNetworkAgent.h */ = {isa = PBXFileReference; fileEncoding = 4; lastKnownFileType = sourcecode.c.h; path = LDNetworkAgent.h; sourceTree = "<group>"; };
		587F031F1E263F0C00C8C5D7 /* LDNetworkAgent.m */ = {isa = PBXFileReference; fileEncoding = 4; lastKnownFileType = sourcecode.c.objc; path = LDNetworkAgent.m; sourceTree = "<group>"; };
		587F03241E263F1800C8C5D7 /* LDBaseRequest.h */ = {isa = PBXFileReference; fileEncoding = 4; lastKnownFileType = sourcecode.c.h; path = LDBaseRequest.h; sourceTree = "<group>"; };
		587F03251E263F1800C8C5D7 /* LDBaseRequest.m */ = {isa = PBXFileReference; fileEncoding = 4; lastKnownFileType = sourcecode.c.objc; path = LDBaseRequest.m; sourceTree = "<group>"; };
		58983F3F1E2C76E100F28C7D /* LDNetworkPrivate.h */ = {isa = PBXFileReference; fileEncoding = 4; lastKnownFileType = sourcecode.c.h; path = LDNetworkPrivate.h; sourceTree = "<group>"; };
		58983F401E2C76E100F28C7D /* LDNetworkPrivate.m */ = {isa = PBXFileReference; fileEncoding = 4; lastKnownFileType = sourcecode.c.objc; path = LDNetworkPrivate.m; sourceTree = "<group>"; };
		58983F421E2C7B9700F28C7D /* LDUrlArgumentsFilter.h */ = {isa = PBXFileReference; fileEncoding = 4; lastKnownFileType = sourcecode.c.h; path = LDUrlArgumentsFilter.h; sourceTree = "<group>"; };
		58983F431E2C7B9700F28C7D /* LDUrlArgumentsFilter.m */ = {isa = PBXFileReference; fileEncoding = 4; lastKnownFileType = sourcecode.c.objc; path = LDUrlArgumentsFilter.m; sourceTree = "<group>"; };
		58983F451E2CA51000F28C7D /* RegisterApi.h */ = {isa = PBXFileReference; fileEncoding = 4; lastKnownFileType = sourcecode.c.h; path = RegisterApi.h; sourceTree = "<group>"; };
		58983F461E2CA51000F28C7D /* RegisterApi.m */ = {isa = PBXFileReference; fileEncoding = 4; lastKnownFileType = sourcecode.c.objc; path = RegisterApi.m; sourceTree = "<group>"; };
		58983F481E2CA9DB00F28C7D /* LDBatchRequest.h */ = {isa = PBXFileReference; fileEncoding = 4; lastKnownFileType = sourcecode.c.h; path = LDBatchRequest.h; sourceTree = "<group>"; };
		58983F491E2CA9DB00F28C7D /* LDBatchRequest.m */ = {isa = PBXFileReference; fileEncoding = 4; lastKnownFileType = sourcecode.c.objc; path = LDBatchRequest.m; sourceTree = "<group>"; };
		58983F4B1E2CA9F200F28C7D /* LDBatchRequestAgent.h */ = {isa = PBXFileReference; fileEncoding = 4; lastKnownFileType = sourcecode.c.h; path = LDBatchRequestAgent.h; sourceTree = "<group>"; };
		58983F4C1E2CA9F200F28C7D /* LDBatchRequestAgent.m */ = {isa = PBXFileReference; fileEncoding = 4; lastKnownFileType = sourcecode.c.objc; path = LDBatchRequestAgent.m; sourceTree = "<group>"; };
		58983F4E1E2CB7C100F28C7D /* UploadimageApi.h */ = {isa = PBXFileReference; fileEncoding = 4; lastKnownFileType = sourcecode.c.h; path = UploadimageApi.h; sourceTree = "<group>"; };
		58983F4F1E2CB7C100F28C7D /* UploadimageApi.m */ = {isa = PBXFileReference; fileEncoding = 4; lastKnownFileType = sourcecode.c.objc; path = UploadimageApi.m; sourceTree = "<group>"; };
		5F27D36F1E2A429100FCA30A /* LDNetworkConfig.h */ = {isa = PBXFileReference; fileEncoding = 4; lastKnownFileType = sourcecode.c.h; path = LDNetworkConfig.h; sourceTree = "<group>"; };
		5F27D3701E2A429100FCA30A /* LDNetworkConfig.m */ = {isa = PBXFileReference; fileEncoding = 4; lastKnownFileType = sourcecode.c.objc; path = LDNetworkConfig.m; sourceTree = "<group>"; };
/* End PBXFileReference section */

/* Begin PBXFrameworksBuildPhase section */
		585B88D21E232ABD00651C4E /* Frameworks */ = {
			isa = PBXFrameworksBuildPhase;
			buildActionMask = 2147483647;
			files = (
			);
			runOnlyForDeploymentPostprocessing = 0;
		};
/* End PBXFrameworksBuildPhase section */

/* Begin PBXGroup section */
		585B88CC1E232ABC00651C4E = {
			isa = PBXGroup;
			children = (
				585B88EF1E232ACF00651C4E /* AFNetworking */,
				585B88D71E232ABD00651C4E /* LDNetworking */,
				585B88D61E232ABD00651C4E /* Products */,
			);
			sourceTree = "<group>";
		};
		585B88D61E232ABD00651C4E /* Products */ = {
			isa = PBXGroup;
			children = (
				585B88D51E232ABD00651C4E /* LDNetworking.app */,
			);
			name = Products;
			sourceTree = "<group>";
		};
		585B88D71E232ABD00651C4E /* LDNetworking */ = {
			isa = PBXGroup;
			children = (
				585B89031E232B1500651C4E /* LDNetworking */,
				585B88DB1E232ABD00651C4E /* AppDelegate.h */,
				585B88DC1E232ABD00651C4E /* AppDelegate.m */,
				585B88DE1E232ABD00651C4E /* ViewController.h */,
				585B88DF1E232ABD00651C4E /* ViewController.m */,
				58983F451E2CA51000F28C7D /* RegisterApi.h */,
				58983F461E2CA51000F28C7D /* RegisterApi.m */,
				58983F4E1E2CB7C100F28C7D /* UploadimageApi.h */,
				58983F4F1E2CB7C100F28C7D /* UploadimageApi.m */,
				585B88E11E232ABD00651C4E /* Main.storyboard */,
				585B88E41E232ABD00651C4E /* Assets.xcassets */,
				585B88E61E232ABD00651C4E /* LaunchScreen.storyboard */,
				585B88E91E232ABD00651C4E /* Info.plist */,
				585B88D81E232ABD00651C4E /* Supporting Files */,
			);
			path = LDNetworking;
			sourceTree = "<group>";
		};
		585B88D81E232ABD00651C4E /* Supporting Files */ = {
			isa = PBXGroup;
			children = (
				585B88D91E232ABD00651C4E /* main.m */,
			);
			name = "Supporting Files";
			sourceTree = "<group>";
		};
		585B88EF1E232ACF00651C4E /* AFNetworking */ = {
			isa = PBXGroup;
			children = (
				585B88F01E232ACF00651C4E /* AFHTTPSessionManager.h */,
				585B88F11E232ACF00651C4E /* AFHTTPSessionManager.m */,
				585B88F21E232ACF00651C4E /* AFNetworking.h */,
				585B88F31E232ACF00651C4E /* AFNetworkReachabilityManager.h */,
				585B88F41E232ACF00651C4E /* AFNetworkReachabilityManager.m */,
				585B88F51E232ACF00651C4E /* AFSecurityPolicy.h */,
				585B88F61E232ACF00651C4E /* AFSecurityPolicy.m */,
				585B88F71E232ACF00651C4E /* AFURLRequestSerialization.h */,
				585B88F81E232ACF00651C4E /* AFURLRequestSerialization.m */,
				585B88F91E232ACF00651C4E /* AFURLResponseSerialization.h */,
				585B88FA1E232ACF00651C4E /* AFURLResponseSerialization.m */,
				585B88FB1E232ACF00651C4E /* AFURLSessionManager.h */,
				585B88FC1E232ACF00651C4E /* AFURLSessionManager.m */,
			);
			path = AFNetworking;
			sourceTree = "<group>";
		};
		585B89031E232B1500651C4E /* LDNetworking */ = {
			isa = PBXGroup;
			children = (
				587F03241E263F1800C8C5D7 /* LDBaseRequest.h */,
				587F03251E263F1800C8C5D7 /* LDBaseRequest.m */,
				58983F481E2CA9DB00F28C7D /* LDBatchRequest.h */,
				58983F491E2CA9DB00F28C7D /* LDBatchRequest.m */,
				58983F4B1E2CA9F200F28C7D /* LDBatchRequestAgent.h */,
				58983F4C1E2CA9F200F28C7D /* LDBatchRequestAgent.m */,
				587F031E1E263F0C00C8C5D7 /* LDNetworkAgent.h */,
				587F031F1E263F0C00C8C5D7 /* LDNetworkAgent.m */,
				5F27D36F1E2A429100FCA30A /* LDNetworkConfig.h */,
				5F27D3701E2A429100FCA30A /* LDNetworkConfig.m */,
				58983F3F1E2C76E100F28C7D /* LDNetworkPrivate.h */,
				58983F401E2C76E100F28C7D /* LDNetworkPrivate.m */,
				58983F421E2C7B9700F28C7D /* LDUrlArgumentsFilter.h */,
				58983F431E2C7B9700F28C7D /* LDUrlArgumentsFilter.m */,
			);
			path = LDNetworking;
			sourceTree = "<group>";
		};
/* End PBXGroup section */

/* Begin PBXNativeTarget section */
		585B88D41E232ABD00651C4E /* LDNetworking */ = {
			isa = PBXNativeTarget;
			buildConfigurationList = 585B88EC1E232ABD00651C4E /* Build configuration list for PBXNativeTarget "LDNetworking" */;
			buildPhases = (
				585B88D11E232ABD00651C4E /* Sources */,
				585B88D21E232ABD00651C4E /* Frameworks */,
				585B88D31E232ABD00651C4E /* Resources */,
			);
			buildRules = (
			);
			dependencies = (
			);
			name = LDNetworking;
			productName = LDNetworking;
			productReference = 585B88D51E232ABD00651C4E /* LDNetworking.app */;
			productType = "com.apple.product-type.application";
		};
/* End PBXNativeTarget section */

/* Begin PBXProject section */
		585B88CD1E232ABC00651C4E /* Project object */ = {
			isa = PBXProject;
			attributes = {
				LastUpgradeCheck = 0820;
				ORGANIZATIONNAME = LeapDing;
				TargetAttributes = {
					585B88D41E232ABD00651C4E = {
						CreatedOnToolsVersion = 8.2.1;
						DevelopmentTeam = SCK7EV823R;
						ProvisioningStyle = Automatic;
					};
				};
			};
			buildConfigurationList = 585B88D01E232ABC00651C4E /* Build configuration list for PBXProject "LDNetworking" */;
			compatibilityVersion = "Xcode 3.2";
			developmentRegion = English;
			hasScannedForEncodings = 0;
			knownRegions = (
				en,
				Base,
			);
			mainGroup = 585B88CC1E232ABC00651C4E;
			productRefGroup = 585B88D61E232ABD00651C4E /* Products */;
			projectDirPath = "";
			projectRoot = "";
			targets = (
				585B88D41E232ABD00651C4E /* LDNetworking */,
			);
		};
/* End PBXProject section */

/* Begin PBXResourcesBuildPhase section */
		585B88D31E232ABD00651C4E /* Resources */ = {
			isa = PBXResourcesBuildPhase;
			buildActionMask = 2147483647;
			files = (
				585B88E81E232ABD00651C4E /* LaunchScreen.storyboard in Resources */,
				585B88E51E232ABD00651C4E /* Assets.xcassets in Resources */,
				585B88E31E232ABD00651C4E /* Main.storyboard in Resources */,
			);
			runOnlyForDeploymentPostprocessing = 0;
		};
/* End PBXResourcesBuildPhase section */

/* Begin PBXSourcesBuildPhase section */
		585B88D11E232ABD00651C4E /* Sources */ = {
			isa = PBXSourcesBuildPhase;
			buildActionMask = 2147483647;
			files = (
				585B89021E232ACF00651C4E /* AFURLSessionManager.m in Sources */,
				587F03261E263F1800C8C5D7 /* LDBaseRequest.m in Sources */,
				585B88E01E232ABD00651C4E /* ViewController.m in Sources */,
				585B88DD1E232ABD00651C4E /* AppDelegate.m in Sources */,
				585B88FE1E232ACF00651C4E /* AFNetworkReachabilityManager.m in Sources */,
				585B88DA1E232ABD00651C4E /* main.m in Sources */,
				58983F4A1E2CA9DB00F28C7D /* LDBatchRequest.m in Sources */,
				58983F471E2CA51000F28C7D /* RegisterApi.m in Sources */,
				585B88FF1E232ACF00651C4E /* AFSecurityPolicy.m in Sources */,
				585B89001E232ACF00651C4E /* AFURLRequestSerialization.m in Sources */,
				58983F441E2C7B9700F28C7D /* LDUrlArgumentsFilter.m in Sources */,
				58983F411E2C76E100F28C7D /* LDNetworkPrivate.m in Sources */,
				5F27D3711E2A429100FCA30A /* LDNetworkConfig.m in Sources */,
				58983F501E2CB7C100F28C7D /* UploadimageApi.m in Sources */,
				585B89011E232ACF00651C4E /* AFURLResponseSerialization.m in Sources */,
				587F03221E263F0C00C8C5D7 /* LDNetworkAgent.m in Sources */,
				58983F4D1E2CA9F200F28C7D /* LDBatchRequestAgent.m in Sources */,
				585B88FD1E232ACF00651C4E /* AFHTTPSessionManager.m in Sources */,
			);
			runOnlyForDeploymentPostprocessing = 0;
		};
/* End PBXSourcesBuildPhase section */

/* Begin PBXVariantGroup section */
		585B88E11E232ABD00651C4E /* Main.storyboard */ = {
			isa = PBXVariantGroup;
			children = (
				585B88E21E232ABD00651C4E /* Base */,
			);
			name = Main.storyboard;
			sourceTree = "<group>";
		};
		585B88E61E232ABD00651C4E /* LaunchScreen.storyboard */ = {
			isa = PBXVariantGroup;
			children = (
				585B88E71E232ABD00651C4E /* Base */,
			);
			name = LaunchScreen.storyboard;
			sourceTree = "<group>";
		};
/* End PBXVariantGroup section */

/* Begin XCBuildConfiguration section */
		585B88EA1E232ABD00651C4E /* Debug */ = {
			isa = XCBuildConfiguration;
			buildSettings = {
				ALWAYS_SEARCH_USER_PATHS = NO;
				CLANG_ANALYZER_NONNULL = YES;
				CLANG_CXX_LANGUAGE_STANDARD = "gnu++0x";
				CLANG_CXX_LIBRARY = "libc++";
				CLANG_ENABLE_MODULES = YES;
				CLANG_ENABLE_OBJC_ARC = YES;
				CLANG_WARN_BOOL_CONVERSION = YES;
				CLANG_WARN_CONSTANT_CONVERSION = YES;
				CLANG_WARN_DIRECT_OBJC_ISA_USAGE = YES_ERROR;
				CLANG_WARN_DOCUMENTATION_COMMENTS = YES;
				CLANG_WARN_EMPTY_BODY = YES;
				CLANG_WARN_ENUM_CONVERSION = YES;
				CLANG_WARN_INFINITE_RECURSION = YES;
				CLANG_WARN_INT_CONVERSION = YES;
				CLANG_WARN_OBJC_ROOT_CLASS = YES_ERROR;
				CLANG_WARN_SUSPICIOUS_MOVE = YES;
				CLANG_WARN_UNREACHABLE_CODE = YES;
				CLANG_WARN__DUPLICATE_METHOD_MATCH = YES;
				"CODE_SIGN_IDENTITY[sdk=iphoneos*]" = "iPhone Developer";
				COPY_PHASE_STRIP = NO;
				DEBUG_INFORMATION_FORMAT = dwarf;
				ENABLE_STRICT_OBJC_MSGSEND = YES;
				ENABLE_TESTABILITY = YES;
				GCC_C_LANGUAGE_STANDARD = gnu99;
				GCC_DYNAMIC_NO_PIC = NO;
				GCC_NO_COMMON_BLOCKS = YES;
				GCC_OPTIMIZATION_LEVEL = 0;
				GCC_PREPROCESSOR_DEFINITIONS = (
					"DEBUG=1",
					"$(inherited)",
				);
				GCC_WARN_64_TO_32_BIT_CONVERSION = YES;
				GCC_WARN_ABOUT_RETURN_TYPE = YES_ERROR;
				GCC_WARN_UNDECLARED_SELECTOR = YES;
				GCC_WARN_UNINITIALIZED_AUTOS = YES_AGGRESSIVE;
				GCC_WARN_UNUSED_FUNCTION = YES;
				GCC_WARN_UNUSED_VARIABLE = YES;
				IPHONEOS_DEPLOYMENT_TARGET = 8.0;
				MTL_ENABLE_DEBUG_INFO = YES;
				ONLY_ACTIVE_ARCH = YES;
				SDKROOT = iphoneos;
				TARGETED_DEVICE_FAMILY = "1,2";
			};
			name = Debug;
		};
		585B88EB1E232ABD00651C4E /* Release */ = {
			isa = XCBuildConfiguration;
			buildSettings = {
				ALWAYS_SEARCH_USER_PATHS = NO;
				CLANG_ANALYZER_NONNULL = YES;
				CLANG_CXX_LANGUAGE_STANDARD = "gnu++0x";
				CLANG_CXX_LIBRARY = "libc++";
				CLANG_ENABLE_MODULES = YES;
				CLANG_ENABLE_OBJC_ARC = YES;
				CLANG_WARN_BOOL_CONVERSION = YES;
				CLANG_WARN_CONSTANT_CONVERSION = YES;
				CLANG_WARN_DIRECT_OBJC_ISA_USAGE = YES_ERROR;
				CLANG_WARN_DOCUMENTATION_COMMENTS = YES;
				CLANG_WARN_EMPTY_BODY = YES;
				CLANG_WARN_ENUM_CONVERSION = YES;
				CLANG_WARN_INFINITE_RECURSION = YES;
				CLANG_WARN_INT_CONVERSION = YES;
				CLANG_WARN_OBJC_ROOT_CLASS = YES_ERROR;
				CLANG_WARN_SUSPICIOUS_MOVE = YES;
				CLANG_WARN_UNREACHABLE_CODE = YES;
				CLANG_WARN__DUPLICATE_METHOD_MATCH = YES;
				"CODE_SIGN_IDENTITY[sdk=iphoneos*]" = "iPhone Developer";
				COPY_PHASE_STRIP = NO;
				DEBUG_INFORMATION_FORMAT = "dwarf-with-dsym";
				ENABLE_NS_ASSERTIONS = NO;
				ENABLE_STRICT_OBJC_MSGSEND = YES;
				GCC_C_LANGUAGE_STANDARD = gnu99;
				GCC_NO_COMMON_BLOCKS = YES;
				GCC_WARN_64_TO_32_BIT_CONVERSION = YES;
				GCC_WARN_ABOUT_RETURN_TYPE = YES_ERROR;
				GCC_WARN_UNDECLARED_SELECTOR = YES;
				GCC_WARN_UNINITIALIZED_AUTOS = YES_AGGRESSIVE;
				GCC_WARN_UNUSED_FUNCTION = YES;
				GCC_WARN_UNUSED_VARIABLE = YES;
				IPHONEOS_DEPLOYMENT_TARGET = 8.0;
				MTL_ENABLE_DEBUG_INFO = NO;
				SDKROOT = iphoneos;
				TARGETED_DEVICE_FAMILY = "1,2";
				VALIDATE_PRODUCT = YES;
			};
			name = Release;
		};
		585B88ED1E232ABD00651C4E /* Debug */ = {
			isa = XCBuildConfiguration;
			buildSettings = {
				ASSETCATALOG_COMPILER_APPICON_NAME = AppIcon;
				DEVELOPMENT_TEAM = SCK7EV823R;
				INFOPLIST_FILE = LDNetworking/Info.plist;
				LD_RUNPATH_SEARCH_PATHS = "$(inherited) @executable_path/Frameworks";
				PRODUCT_BUNDLE_IDENTIFIER = com.gzleihou.LDNetworking;
				PRODUCT_NAME = "$(TARGET_NAME)";
			};
			name = Debug;
		};
		585B88EE1E232ABD00651C4E /* Release */ = {
			isa = XCBuildConfiguration;
			buildSettings = {
				ASSETCATALOG_COMPILER_APPICON_NAME = AppIcon;
				DEVELOPMENT_TEAM = SCK7EV823R;
				INFOPLIST_FILE = LDNetworking/Info.plist;
				LD_RUNPATH_SEARCH_PATHS = "$(inherited) @executable_path/Frameworks";
				PRODUCT_BUNDLE_IDENTIFIER = com.gzleihou.LDNetworking;
				PRODUCT_NAME = "$(TARGET_NAME)";
			};
			name = Release;
		};
/* End XCBuildConfiguration section */

/* Begin XCConfigurationList section */
		585B88D01E232ABC00651C4E /* Build configuration list for PBXProject "LDNetworking" */ = {
			isa = XCConfigurationList;
			buildConfigurations = (
				585B88EA1E232ABD00651C4E /* Debug */,
				585B88EB1E232ABD00651C4E /* Release */,
			);
			defaultConfigurationIsVisible = 0;
			defaultConfigurationName = Release;
		};
		585B88EC1E232ABD00651C4E /* Build configuration list for PBXNativeTarget "LDNetworking" */ = {
			isa = XCConfigurationList;
			buildConfigurations = (
				585B88ED1E232ABD00651C4E /* Debug */,
				585B88EE1E232ABD00651C4E /* Release */,
			);
			defaultConfigurationIsVisible = 0;
			defaultConfigurationName = Release;
		};
/* End XCConfigurationList section */
	};
	rootObject = 585B88CD1E232ABC00651C4E /* Project object */;
}
